# This file is automatically @generated by Cargo.
# It is not intended for manual editing.
version = 3

[[package]]
name = "protobuf"
version = "2.25.0"
source = "registry+https://github.com/rust-lang/crates.io-index"
checksum = "020f86b07722c5c4291f7c723eac4676b3892d47d9a7708dc2779696407f039b"

[[package]]
name = "protobuf-codegen"
version = "2.25.0"
source = "registry+https://github.com/rust-lang/crates.io-index"
checksum = "7b8ac7c5128619b0df145d9bace18e8ed057f18aebda1aa837a5525d4422f68c"
dependencies = [
 "protobuf",
]

[[package]]
name = "protobuf-codegen-pure"
version = "2.25.0"
source = "registry+https://github.com/rust-lang/crates.io-index"
checksum = "f6d0daa1b61d6e7a128cdca8c8604b3c5ee22c424c15c8d3a92fafffeda18aaf"
dependencies = [
 "protobuf",
 "protobuf-codegen",
]

[[package]]
name = "study"
version = "0.1.0"
dependencies = [
 "protobuf",
 "protobuf-codegen-pure",
]
